
Microsoft Visual Studio Solution File, Format Version 12.00
# Visual Studio Version 17
VisualStudioVersion = 17.0.31903.59
MinimumVisualStudioVersion = 10.0.40219.1
Project("{2150E333-8FDC-42A3-9474-1A3956D46DE8}") = "CQRS-ES", "CQRS-ES", "{89D68832-B405-4A8E-A336-C007CE210992}"
EndProject
Project("{2150E333-8FDC-42A3-9474-1A3956D46DE8}") = "SM-Post", "SM-Post", "{573089D1-4647-47C2-A5CB-46175531B488}"
EndProject
Project("{2150E333-8FDC-42A3-9474-1A3956D46DE8}") = "Post.Cmd", "Post.Cmd", "{B6FB1706-AD69-41B1-94FC-13565B2AAC40}"
EndProject
Project("{2150E333-8FDC-42A3-9474-1A3956D46DE8}") = "Post.Query", "Post.Query", "{B094017C-59D1-42C4-A87F-93439C8B4A5A}"
EndProject
Project("{FAE04EC0-301F-11D3-BF4B-00C04F79EFBC}") = "Post.Common", "Post.Common\Post.Common.csproj", "{EA6F6A32-59DD-46B8-9861-56E18F22C9F4}"
EndProject
Project("{FAE04EC0-301F-11D3-BF4B-00C04F79EFBC}") = "Post.Cmd.Api", "Post.Cmd.Api\Post.Cmd.Api.csproj", "{3C237354-C272-4223-8943-0FE58D48F822}"
EndProject
Project("{FAE04EC0-301F-11D3-BF4B-00C04F79EFBC}") = "Post.Cmd.Domain", "Post.Cmd.Domain\Post.Cmd.Domain.csproj", "{5D2662FD-5828-47D1-85C0-01376EC38B31}"
EndProject
Project("{FAE04EC0-301F-11D3-BF4B-00C04F79EFBC}") = "Post.Cmd.Infrastructure", "Post.Cmd.Infrastructure\Post.Cmd.Infrastructure.csproj", "{2E6E5402-B5C0-4D7A-A1A7-E1C205530C80}"
EndProject
Project("{FAE04EC0-301F-11D3-BF4B-00C04F79EFBC}") = "Post.Query.Api", "Post.Query.Api\Post.Query.Api.csproj", "{709711A4-A319-4AF4-8936-E9431B6169B8}"
EndProject
Project("{FAE04EC0-301F-11D3-BF4B-00C04F79EFBC}") = "Post.Query.Infrastructure", "Post.Query.Infrastructure\Post.Query.Infrastructure.csproj", "{D3791E6E-6258-4BC4-8026-EB01915DB760}"
EndProject
Project("{FAE04EC0-301F-11D3-BF4B-00C04F79EFBC}") = "Post.Query.Domain", "Post.Query.Domain\Post.Query.Domain.csproj", "{77F528B7-B842-4632-AFD6-BE16095AD844}"
EndProject
Project("{FAE04EC0-301F-11D3-BF4B-00C04F79EFBC}") = "CQRS.Core", "CQRS.Core\CQRS.Core.csproj", "{99BBE2C3-9EFD-4BDA-80A0-529C9C0A7C00}"
EndProject
Global
	GlobalSection(SolutionConfigurationPlatforms) = preSolution
		Debug|Any CPU = Debug|Any CPU
		Release|Any CPU = Release|Any CPU
	EndGlobalSection
	GlobalSection(ProjectConfigurationPlatforms) = postSolution
		{EA6F6A32-59DD-46B8-9861-56E18F22C9F4}.Debug|Any CPU.ActiveCfg = Debug|Any CPU
		{EA6F6A32-59DD-46B8-9861-56E18F22C9F4}.Debug|Any CPU.Build.0 = Debug|Any CPU
		{EA6F6A32-59DD-46B8-9861-56E18F22C9F4}.Release|Any CPU.ActiveCfg = Release|Any CPU
		{EA6F6A32-59DD-46B8-9861-56E18F22C9F4}.Release|Any CPU.Build.0 = Release|Any CPU
		{3C237354-C272-4223-8943-0FE58D48F822}.Debug|Any CPU.ActiveCfg = Debug|Any CPU
		{3C237354-C272-4223-8943-0FE58D48F822}.Debug|Any CPU.Build.0 = Debug|Any CPU
		{3C237354-C272-4223-8943-0FE58D48F822}.Release|Any CPU.ActiveCfg = Release|Any CPU
		{3C237354-C272-4223-8943-0FE58D48F822}.Release|Any CPU.Build.0 = Release|Any CPU
		{5D2662FD-5828-47D1-85C0-01376EC38B31}.Debug|Any CPU.ActiveCfg = Debug|Any CPU
		{5D2662FD-5828-47D1-85C0-01376EC38B31}.Debug|Any CPU.Build.0 = Debug|Any CPU
		{5D2662FD-5828-47D1-85C0-01376EC38B31}.Release|Any CPU.ActiveCfg = Release|Any CPU
		{5D2662FD-5828-47D1-85C0-01376EC38B31}.Release|Any CPU.Build.0 = Release|Any CPU
		{2E6E5402-B5C0-4D7A-A1A7-E1C205530C80}.Debug|Any CPU.ActiveCfg = Debug|Any CPU
		{2E6E5402-B5C0-4D7A-A1A7-E1C205530C80}.Debug|Any CPU.Build.0 = Debug|Any CPU
		{2E6E5402-B5C0-4D7A-A1A7-E1C205530C80}.Release|Any CPU.ActiveCfg = Release|Any CPU
		{2E6E5402-B5C0-4D7A-A1A7-E1C205530C80}.Release|Any CPU.Build.0 = Release|Any CPU
		{709711A4-A319-4AF4-8936-E9431B6169B8}.Debug|Any CPU.ActiveCfg = Debug|Any CPU
		{709711A4-A319-4AF4-8936-E9431B6169B8}.Debug|Any CPU.Build.0 = Debug|Any CPU
		{709711A4-A319-4AF4-8936-E9431B6169B8}.Release|Any CPU.ActiveCfg = Release|Any CPU
		{709711A4-A319-4AF4-8936-E9431B6169B8}.Release|Any CPU.Build.0 = Release|Any CPU
		{D3791E6E-6258-4BC4-8026-EB01915DB760}.Debug|Any CPU.ActiveCfg = Debug|Any CPU
		{D3791E6E-6258-4BC4-8026-EB01915DB760}.Debug|Any CPU.Build.0 = Debug|Any CPU
		{D3791E6E-6258-4BC4-8026-EB01915DB760}.Release|Any CPU.ActiveCfg = Release|Any CPU
		{D3791E6E-6258-4BC4-8026-EB01915DB760}.Release|Any CPU.Build.0 = Release|Any CPU
		{77F528B7-B842-4632-AFD6-BE16095AD844}.Debug|Any CPU.ActiveCfg = Debug|Any CPU
		{77F528B7-B842-4632-AFD6-BE16095AD844}.Debug|Any CPU.Build.0 = Debug|Any CPU
		{77F528B7-B842-4632-AFD6-BE16095AD844}.Release|Any CPU.ActiveCfg = Release|Any CPU
		{77F528B7-B842-4632-AFD6-BE16095AD844}.Release|Any CPU.Build.0 = Release|Any CPU
		{99BBE2C3-9EFD-4BDA-80A0-529C9C0A7C00}.Debug|Any CPU.ActiveCfg = Debug|Any CPU
		{99BBE2C3-9EFD-4BDA-80A0-529C9C0A7C00}.Debug|Any CPU.Build.0 = Debug|Any CPU
		{99BBE2C3-9EFD-4BDA-80A0-529C9C0A7C00}.Release|Any CPU.ActiveCfg = Release|Any CPU
		{99BBE2C3-9EFD-4BDA-80A0-529C9C0A7C00}.Release|Any CPU.Build.0 = Release|Any CPU
	EndGlobalSection
	GlobalSection(SolutionProperties) = preSolution
		HideSolutionNode = FALSE
	EndGlobalSection
	GlobalSection(NestedProjects) = preSolution
		{B6FB1706-AD69-41B1-94FC-13565B2AAC40} = {573089D1-4647-47C2-A5CB-46175531B488}
		{B094017C-59D1-42C4-A87F-93439C8B4A5A} = {573089D1-4647-47C2-A5CB-46175531B488}
		{EA6F6A32-59DD-46B8-9861-56E18F22C9F4} = {573089D1-4647-47C2-A5CB-46175531B488}
		{3C237354-C272-4223-8943-0FE58D48F822} = {B6FB1706-AD69-41B1-94FC-13565B2AAC40}
		{5D2662FD-5828-47D1-85C0-01376EC38B31} = {B6FB1706-AD69-41B1-94FC-13565B2AAC40}
		{2E6E5402-B5C0-4D7A-A1A7-E1C205530C80} = {B6FB1706-AD69-41B1-94FC-13565B2AAC40}
		{709711A4-A319-4AF4-8936-E9431B6169B8} = {B094017C-59D1-42C4-A87F-93439C8B4A5A}
		{D3791E6E-6258-4BC4-8026-EB01915DB760} = {B094017C-59D1-42C4-A87F-93439C8B4A5A}
		{77F528B7-B842-4632-AFD6-BE16095AD844} = {B094017C-59D1-42C4-A87F-93439C8B4A5A}
		{99BBE2C3-9EFD-4BDA-80A0-529C9C0A7C00} = {89D68832-B405-4A8E-A336-C007CE210992}
	EndGlobalSection
	GlobalSection(ExtensibilityGlobals) = postSolution
		SolutionGuid = {8AED8F56-C699-4B03-8344-3F8521E24432}
	EndGlobalSection
EndGlobal
